
Microsoft Visual Studio Solution File, Format Version 12.00
# Visual Studio Version 17
VisualStudioVersion = 17.3.32922.545
MinimumVisualStudioVersion = 10.0.40219.1
Project("{FAE04EC0-301F-11D3-BF4B-00C04F79EFBC}") = "FFmpeg Downloader", "FFmpeg Downloader\FFmpeg Downloader.csproj", "{3A3C9F24-1F9F-48C5-801F-F0FEDDACDC49}"
EndProject
Global
	GlobalSection(SolutionConfigurationPlatforms) = preSolution
		Debug|Any CPU = Debug|Any CPU
		Release|Any CPU = Release|Any CPU
	EndGlobalSection
	GlobalSection(ProjectConfigurationPlatforms) = postSolution
		{3A3C9F24-1F9F-48C5-801F-F0FEDDACDC49}.Debug|Any CPU.ActiveCfg = Debug|Any CPU
		{3A3C9F24-1F9F-48C5-801F-F0FEDDACDC49}.Debug|Any CPU.Build.0 = Debug|Any CPU
		{3A3C9F24-1F9F-48C5-801F-F0FEDDACDC49}.Release|Any CPU.ActiveCfg = Release|Any CPU
		{3A3C9F24-1F9F-48C5-801F-F0FEDDACDC49}.Release|Any CPU.Build.0 = Release|Any CPU
	EndGlobalSection
	GlobalSection(SolutionProperties) = preSolution
		HideSolutionNode = FALSE
	EndGlobalSection
	GlobalSection(ExtensibilityGlobals) = postSolution
		SolutionGuid = {95A763FA-9300-41ED-93BD-49E4D39FA7AF}
	EndGlobalSection
EndGlobal
